# THIS IS AN AUTOGENERATED FILE. DO NOT EDIT THIS FILE DIRECTLY.
# yarn lockfile v1


"@types/jest-diff@*":
  version "20.0.1"
  resolved "https://registry.yarnpkg.com/@types/jest-diff/-/jest-diff-20.0.1.tgz#35cc15b9c4f30a18ef21852e255fdb02f6d59b89"
  integrity sha512-yALhelO3i0hqZwhjtcr6dYyaLoCHbAMshwtj6cGxTvHZAKXHsYGdff6E8EPw3xLKY0ELUTQ69Q1rQiJENnccMA==

"@types/jest@24.0.13":
  version "24.0.13"
  resolved "https://registry.yarnpkg.com/@types/jest/-/jest-24.0.13.tgz#10f50b64cb05fb02411fbba49e9042a3a11da3f9"
  integrity sha512-3m6RPnO35r7Dg+uMLj1+xfZaOgIHHHut61djNjzwExXN4/Pm9has9C6I1KMYSfz7mahDhWUOVg4HW/nZdv5Pww==
  dependencies:
    "@types/jest-diff" "*"

"@types/node@8.10.39":
  version "8.10.39"
  resolved "https://registry.yarnpkg.com/@types/node/-/node-8.10.39.tgz#e7e87ad00364dd7bc485c940926345b8ec1a26ca"
  integrity sha512-rE7fktr02J8ybFf6eysife+WF+L4sAHWzw09DgdCebEu+qDwMvv4zl6Bc+825ttGZP73kCKxa3dhJOoGJ8+5mA==

"@types/prop-types@*":
  version "15.7.1"
  resolved "https://registry.yarnpkg.com/@types/prop-types/-/prop-types-15.7.1.tgz#f1a11e7babb0c3cad68100be381d1e064c68f1f6"
  integrity sha512-CFzn9idOEpHrgdw8JsoTkaDDyRWk1jrzIV8djzcgpq0y9tG4B4lFT+Nxh52DVpDXV+n4+NPNv7M1Dj5uMp6XFg==

"@types/react-dom@16.8.4":
  version "16.8.4"
  resolved "https://registry.yarnpkg.com/@types/react-dom/-/react-dom-16.8.4.tgz#7fb7ba368857c7aa0f4e4511c4710ca2c5a12a88"
  integrity sha512-eIRpEW73DCzPIMaNBDP5pPIpK1KXyZwNgfxiVagb5iGiz6da+9A5hslSX6GAQKdO7SayVCS/Fr2kjqprgAvkfA==
  dependencies:
    "@types/react" "*"

"@types/react@*", "@types/react@16.8.19":
  version "16.8.19"
  resolved "https://registry.yarnpkg.com/@types/react/-/react-16.8.19.tgz#629154ef05e2e1985cdde94477deefd823ad9be3"
  integrity sha512-QzEzjrd1zFzY9cDlbIiFvdr+YUmefuuRYrPxmkwG0UQv5XF35gFIi7a95m1bNVcFU0VimxSZ5QVGSiBmlggQXQ==
  dependencies:
    "@types/prop-types" "*"
    csstype "^2.2.0"

csstype@^2.2.0:
  version "2.6.5"
  resolved "https://registry.yarnpkg.com/csstype/-/csstype-2.6.5.tgz#1cd1dff742ebf4d7c991470ae71e12bb6751e034"
  integrity sha512-JsTaiksRsel5n7XwqPAfB0l3TFKdpjW/kgAELf9vrb5adGA7UCPLajKK5s3nFrcFm3Rkyp/Qkgl73ENc1UY3cA==

decode-uri-component@^0.2.0:
  version "0.2.0"
  resolved "https://registry.yarnpkg.com/decode-uri-component/-/decode-uri-component-0.2.0.tgz#eb3913333458775cb84cd1a1fae062106bb87545"
  integrity sha1-6zkTMzRYd1y4TNGh+uBiEGu4dUU=

immer@^3.1.3:
  version "3.1.3"
  resolved "https://registry.yarnpkg.com/immer/-/immer-3.1.3.tgz#59bc742b2aab6e2c676445edb653e588a23c70fc"
  integrity sha512-HG5SXTXTTVy9lGNwS075cNhQoV375jHsIJO3UtMjuUWJOuwlMr0u42FlsKTJcppt5AzsFAsmj9r4kHvsSHh3hQ==

query-string@^6.7.0:
  version "6.7.0"
  resolved "https://registry.yarnpkg.com/query-string/-/query-string-6.7.0.tgz#7e92bf8525140cf8c5ebf500f26716b0de5b7023"
  integrity sha512-oQ01H1jrgDRbPq5SjtJF470S418GOrKkds+fpvAt6DQatHXl7bmkaJulHbTIM+QNGtoPpa8f5k9W3Zk50zXRPQ==
  dependencies:
    decode-uri-component "^0.2.0"
    split-on-first "^1.0.0"
    strict-uri-encode "^2.0.0"

split-on-first@^1.0.0:
  version "1.1.0"
  resolved "https://registry.yarnpkg.com/split-on-first/-/split-on-first-1.1.0.tgz#f610afeee3b12bce1d0c30425e76398b78249a5f"
  integrity sha512-43ZssAJaMusuKWL8sKUBQXHWOpq8d6CfN/u1p4gUzfJkM05C8rxTmYrkIPTXapZpORA6LkkzcUulJ8FqA7Uudw==

strict-uri-encode@^2.0.0:
  version "2.0.0"
  resolved "https://registry.yarnpkg.com/strict-uri-encode/-/strict-uri-encode-2.0.0.tgz#b9c7330c7042862f6b142dc274bbcc5866ce3546"
  integrity sha1-ucczDHBChi9rFC3CdLvMWGbONUY=
